<?xml version="1.0" encoding="utf-8"?>
<Project ToolsVersion="4.0" xmlns="http://schemas.microsoft.com/developer/msbuild/2003">
  <ItemGroup>
    <Filter Include="소스 파일">
      <UniqueIdentifier>{4FC737F1-C7A5-4376-A066-2A32D752A2FF}</UniqueIdentifier>
      <Extensions>cpp;c;cc;cxx;c++;def;odl;idl;hpj;bat;asm;asmx</Extensions>
    </Filter>
    <Filter Include="헤더 파일">
      <UniqueIdentifier>{93995380-89BD-4b04-88EB-625FBE52EBFB}</UniqueIdentifier>
      <Extensions>h;hh;hpp;hxx;h++;hm;inl;inc;ipp;xsd</Extensions>
    </Filter>
    <Filter Include="리소스 파일">
      <UniqueIdentifier>{67DA6AB6-F800-4c08-8B7A-83BB121AAD01}</UniqueIdentifier>
      <Extensions>rc;ico;cur;bmp;dlg;rc2;rct;bin;rgs;gif;jpg;jpeg;jpe;resx;tiff;tif;png;wav;mfcribbon-ms</Extensions>
    </Filter>
  </ItemGroup>
  <ItemGroup>
    <ClCompile Include="구조체1-613.cpp">
      <Filter>소스 파일</Filter>
    </ClCompile>
    <ClCompile Include="구조체2-614.cpp">
      <Filter>소스 파일</Filter>
    </ClCompile>
    <ClCompile Include="구조체3-615.cpp">
      <Filter>소스 파일</Filter>
    </ClCompile>
    <ClCompile Include="구조체4-616.cpp">
      <Filter>소스 파일</Filter>
    </ClCompile>
    <ClCompile Include="구조체5-617.cpp">
      <Filter>소스 파일</Filter>
    </ClCompile>
    <ClCompile Include="구조체6-618.cpp">
      <Filter>소스 파일</Filter>
    </ClCompile>
    <ClCompile Include="구조체1-195.cpp">
      <Filter>소스 파일</Filter>
    </ClCompile>
    <ClCompile Include="구조체2-196.cpp">
      <Filter>소스 파일</Filter>
    </ClCompile>
    <ClCompile Include="구조체3-197.cpp">
      <Filter>소스 파일</Filter>
    </ClCompile>
    <ClCompile Include="구조체4-198.cpp">
      <Filter>소스 파일</Filter>
    </ClCompile>
    <ClCompile Include="구조체5-199.cpp">
      <Filter>소스 파일</Filter>
    </ClCompile>
    <ClCompile Include="포인터1-619.cpp">
      <Filter>소스 파일</Filter>
    </ClCompile>
    <ClCompile Include="포인터2-620.cpp">
      <Filter>소스 파일</Filter>
    </ClCompile>
    <ClCompile Include="포인터2-621.cpp">
      <Filter>소스 파일</Filter>
    </ClCompile>
    <ClCompile Include="포인터622.cpp">
      <Filter>소스 파일</Filter>
    </ClCompile>
    <ClCompile Include="포인터5-623.cpp">
      <Filter>소스 파일</Filter>
    </ClCompile>
    <ClCompile Include="포인터6-624.cpp">
      <Filter>소스 파일</Filter>
    </ClCompile>
    <ClCompile Include="포인터7-625.cpp">
      <Filter>소스 파일</Filter>
    </ClCompile>
    <ClCompile Include="1291_구구.cpp">
      <Filter>소스 파일</Filter>
    </ClCompile>
    <ClCompile Include="1292_구구단2.cpp">
      <Filter>소스 파일</Filter>
    </ClCompile>
    <ClCompile Include="1303_숫자사각형1.cpp">
      <Filter>소스 파일</Filter>
    </ClCompile>
    <ClCompile Include="1856_숫자사각.cpp">
      <Filter>소스 파일</Filter>
    </ClCompile>
    <ClCompile Include="1304_숫자사각형3.cpp">
      <Filter>소스 파일</Filter>
    </ClCompile>
    <ClCompile Include="2046_숫자사각형4.cpp">
      <Filter>소스 파일</Filter>
    </ClCompile>
    <ClCompile Include="파일입출력1-205.cpp">
      <Filter>소스 파일</Filter>
    </ClCompile>
    <ClCompile Include="파일입출력2-206.cpp">
      <Filter>소스 파일</Filter>
    </ClCompile>
    <ClCompile Include="파일입출력3-207.cpp">
      <Filter>소스 파일</Filter>
    </ClCompile>
    <ClCompile Include="파일입출력4-208.cpp">
      <Filter>소스 파일</Filter>
    </ClCompile>
    <ClCompile Include="파일입출력5-209.cpp">
      <Filter>소스 파일</Filter>
    </ClCompile>
    <ClCompile Include="파일입출력6-210.cpp">
      <Filter>소스 파일</Filter>
    </ClCompile>
    <ClCompile Include="파일입출력7-211.cpp">
      <Filter>소스 파일</Filter>
    </ClCompile>
    <ClCompile Include="소스3.cpp">
      <Filter>소스 파일</Filter>
    </ClCompile>
    <ClCompile Include="파일입출력8-212.cpp">
      <Filter>소스 파일</Filter>
    </ClCompile>
    <ClCompile Include="파일입출력9-213.cpp">
      <Filter>소스 파일</Filter>
    </ClCompile>
    <ClCompile Include="파일입출력10-214.cpp">
      <Filter>소스 파일</Filter>
    </ClCompile>
    <ClCompile Include="소스.cpp">
      <Filter>소스 파일</Filter>
    </ClCompile>
    <ClCompile Include="소스1.cpp">
      <Filter>소스 파일</Filter>
    </ClCompile>
    <ClCompile Include="소스2.cpp">
      <Filter>소스 파일</Filter>
    </ClCompile>
    <ClCompile Include="소스4.cpp">
      <Filter>소스 파일</Filter>
    </ClCompile>
    <ClCompile Include="소스5.cpp">
      <Filter>소스 파일</Filter>
    </ClCompile>
    <ClCompile Include="소스6.cpp">
      <Filter>소스 파일</Filter>
    </ClCompile>
  </ItemGroup>
</Project>